
Microsoft Visual Studio Solution File, Format Version 12.00
# Visual Studio Version 17
VisualStudioVersion = 17.3.32901.215
MinimumVisualStudioVersion = 10.0.40219.1
Project("{9A19103F-16F7-4668-BE54-9A1E7A4F7556}") = "Users", "EntityFrameworkUserStore\Users.csproj", "{C732B691-A0CC-4F12-8D29-5BE6BCF3A93F}"
EndProject
Project("{9A19103F-16F7-4668-BE54-9A1E7A4F7556}") = "Images", "DapperImageStore\Images.csproj", "{23891084-E67C-4B6A-BD74-AB96557026A1}"
EndProject
Project("{9A19103F-16F7-4668-BE54-9A1E7A4F7556}") = "Mvc", "MVC\Mvc.csproj", "{ED0A2697-B7B5-4DC6-9C29-7C8E67036248}"
EndProject
Global
	GlobalSection(SolutionConfigurationPlatforms) = preSolution
		Debug|Any CPU = Debug|Any CPU
		Release|Any CPU = Release|Any CPU
	EndGlobalSection
	GlobalSection(ProjectConfigurationPlatforms) = postSolution
		{C732B691-A0CC-4F12-8D29-5BE6BCF3A93F}.Debug|Any CPU.ActiveCfg = Debug|Any CPU
		{C732B691-A0CC-4F12-8D29-5BE6BCF3A93F}.Debug|Any CPU.Build.0 = Debug|Any CPU
		{C732B691-A0CC-4F12-8D29-5BE6BCF3A93F}.Release|Any CPU.ActiveCfg = Release|Any CPU
		{C732B691-A0CC-4F12-8D29-5BE6BCF3A93F}.Release|Any CPU.Build.0 = Release|Any CPU
		{23891084-E67C-4B6A-BD74-AB96557026A1}.Debug|Any CPU.ActiveCfg = Debug|Any CPU
		{23891084-E67C-4B6A-BD74-AB96557026A1}.Debug|Any CPU.Build.0 = Debug|Any CPU
		{23891084-E67C-4B6A-BD74-AB96557026A1}.Release|Any CPU.ActiveCfg = Release|Any CPU
		{23891084-E67C-4B6A-BD74-AB96557026A1}.Release|Any CPU.Build.0 = Release|Any CPU
		{ED0A2697-B7B5-4DC6-9C29-7C8E67036248}.Debug|Any CPU.ActiveCfg = Debug|Any CPU
		{ED0A2697-B7B5-4DC6-9C29-7C8E67036248}.Debug|Any CPU.Build.0 = Debug|Any CPU
		{ED0A2697-B7B5-4DC6-9C29-7C8E67036248}.Release|Any CPU.ActiveCfg = Release|Any CPU
		{ED0A2697-B7B5-4DC6-9C29-7C8E67036248}.Release|Any CPU.Build.0 = Release|Any CPU
	EndGlobalSection
	GlobalSection(SolutionProperties) = preSolution
		HideSolutionNode = FALSE
	EndGlobalSection
	GlobalSection(ExtensibilityGlobals) = postSolution
		SolutionGuid = {A0EE5E2C-B233-4FE8-970D-65AC23E8E046}
	EndGlobalSection
EndGlobal
